langcode: en
status: true
dependencies:
  content:
    - 'file:file:a080cd3c-4501-4b26-b68c-f21df6daf20b'
id: pzt_text_block
label: 'Text block'
icon_uuid: a080cd3c-4501-4b26-b68c-f21df6daf20b
icon_default: 'data:image/svg+xml;base64,PHN2ZyBpZD0iTGF5ZXJfMSIgZGF0YS1uYW1lPSJMYXllciAxIiB4bWxucz0iaHR0cDovL3d3dy53My5vcmcvMjAwMC9zdmciIHZpZXdCb3g9IjAgMCAxMDAgODAiPjxyZWN0IHg9IjMwIiB3aWR0aD0iNjAiIGhlaWdodD0iMTAiLz48cmVjdCB4PSIzMCIgeT0iMjAiIHdpZHRoPSIxOS43MyIgaGVpZ2h0PSIxMCIvPjxyZWN0IHg9IjYwIiB5PSIyMCIgd2lkdGg9IjI5LjczIiBoZWlnaHQ9IjEwIi8+PHJlY3QgeT0iNDAuMzg4IiB3aWR0aD0iNzAiIGhlaWdodD0iOS42MTIiLz48cmVjdCB5PSI2MC4zODgiIHdpZHRoPSI5MCIgaGVpZ2h0PSI5LjYxMiIvPjxwYXRoIGQ9Ik0yMS4yODMsMzBIMTMuNzY0bC0uNTQxLTMuNDE5aC00LjlMNy43MjgsMzBILjIwOUw2LjY4MiwzLjA2NWg4LjlabS04LjkxNC05LjE5My0uNDcyLTMuMTRhMy4yNzIsMy4yNzIsMCwwLDEtLjA2OS0uNDcycS0uMDM2LS4zODQtLjM2Ny0zLjAzNS0uMDM0LS4zLS4wODctLjgxMXQtLjE0LTEuM0wxMS4wMDgsOS41Yy0uMDI0LjI0NS0uMDU1LjUxOC0uMS44MnMtLjA4NS42MzQtLjEzMS45OTRxLS4xMjIsMS4wODMtLjE3NSwxLjVjLS4wMzQuMjc5LS4wNTguNDQ4LS4wNjkuNTA2bC0uNTA2LDMuMjYyTDkuMywyMC44MDdaIi8+PC9zdmc+'
description: ''
behavior_plugins: {  }
